
Microsoft Visual Studio Solution File, Format Version 12.00
# Visual Studio 15
VisualStudioVersion = 15.0.27703.2026
MinimumVisualStudioVersion = 10.0.40219.1
Project("{FAE04EC0-301F-11D3-BF4B-00C04F79EFBC}") = "ISC.ActiveDirectoryManager", "ISC.ActiveDirectoryManager\ISC.ActiveDirectoryManager.csproj", "{CB355F95-9322-4BE3-B982-02E57A9342CE}"
EndProject
Project("{FAE04EC0-301F-11D3-BF4B-00C04F79EFBC}") = "ISC.ActiveDirectory", "ISC.ActiveDirectory\ISC.ActiveDirectory.csproj", "{DBEE7A93-4727-4F02-A049-F88D079D97BC}"
EndProject
Global
	GlobalSection(SolutionConfigurationPlatforms) = preSolution
		Debug|Any CPU = Debug|Any CPU
		Release|Any CPU = Release|Any CPU
	EndGlobalSection
	GlobalSection(ProjectConfigurationPlatforms) = postSolution
		{CB355F95-9322-4BE3-B982-02E57A9342CE}.Debug|Any CPU.ActiveCfg = Debug|Any CPU
		{CB355F95-9322-4BE3-B982-02E57A9342CE}.Debug|Any CPU.Build.0 = Debug|Any CPU
		{CB355F95-9322-4BE3-B982-02E57A9342CE}.Release|Any CPU.ActiveCfg = Release|Any CPU
		{CB355F95-9322-4BE3-B982-02E57A9342CE}.Release|Any CPU.Build.0 = Release|Any CPU
		{DBEE7A93-4727-4F02-A049-F88D079D97BC}.Debug|Any CPU.ActiveCfg = Debug|Any CPU
		{DBEE7A93-4727-4F02-A049-F88D079D97BC}.Debug|Any CPU.Build.0 = Debug|Any CPU
		{DBEE7A93-4727-4F02-A049-F88D079D97BC}.Release|Any CPU.ActiveCfg = Release|Any CPU
		{DBEE7A93-4727-4F02-A049-F88D079D97BC}.Release|Any CPU.Build.0 = Release|Any CPU
	EndGlobalSection
	GlobalSection(SolutionProperties) = preSolution
		HideSolutionNode = FALSE
	EndGlobalSection
	GlobalSection(ExtensibilityGlobals) = postSolution
		SolutionGuid = {40070A80-ED00-401F-9F26-9B27DF43CB41}
	EndGlobalSection
EndGlobal
